<?xml version="1.0" encoding="utf-8"?>
<Project ToolsVersion="4.0" xmlns="http://schemas.microsoft.com/developer/msbuild/2003">
  <ItemGroup>
    <CudaCompile Include="kernel.cu" />
  </ItemGroup>
  <ItemGroup>
    <Filter Include="kernels">
      <UniqueIdentifier>{bbaf911f-6dd5-40cc-a298-0af0ef8aeb36}</UniqueIdentifier>
    </Filter>
  </ItemGroup>
  <ItemGroup>
    <None Include="multiply.cl">
      <Filter>kernels</Filter>
    </None>
  </ItemGroup>
</Project>